
Microsoft Visual Studio Solution File, Format Version 12.00
# Visual Studio Version 16
VisualStudioVersion = 16.0.31613.86
MinimumVisualStudioVersion = 10.0.40219.1
Project("{FAE04EC0-301F-11D3-BF4B-00C04F79EFBC}") = "Launcher", "Launcher\Launcher.csproj", "{5BF8E7D5-C199-4AD1-B31A-CE6902A2FA41}"
EndProject
Project("{FAE04EC0-301F-11D3-BF4B-00C04F79EFBC}") = "HeadlessGUI", "HeadlessGUI\HeadlessGUI.csproj", "{F338FE4B-6DB6-47FC-AE26-50E59823A7A6}"
EndProject
Global
	GlobalSection(SolutionConfigurationPlatforms) = preSolution
		Debug|Any CPU = Debug|Any CPU
		Release|Any CPU = Release|Any CPU
	EndGlobalSection
	GlobalSection(ProjectConfigurationPlatforms) = postSolution
		{5BF8E7D5-C199-4AD1-B31A-CE6902A2FA41}.Debug|Any CPU.ActiveCfg = Debug|Any CPU
		{5BF8E7D5-C199-4AD1-B31A-CE6902A2FA41}.Debug|Any CPU.Build.0 = Debug|Any CPU
		{5BF8E7D5-C199-4AD1-B31A-CE6902A2FA41}.Release|Any CPU.ActiveCfg = Release|Any CPU
		{5BF8E7D5-C199-4AD1-B31A-CE6902A2FA41}.Release|Any CPU.Build.0 = Release|Any CPU
		{F338FE4B-6DB6-47FC-AE26-50E59823A7A6}.Debug|Any CPU.ActiveCfg = Debug|Any CPU
		{F338FE4B-6DB6-47FC-AE26-50E59823A7A6}.Debug|Any CPU.Build.0 = Debug|Any CPU
		{F338FE4B-6DB6-47FC-AE26-50E59823A7A6}.Release|Any CPU.ActiveCfg = Release|Any CPU
		{F338FE4B-6DB6-47FC-AE26-50E59823A7A6}.Release|Any CPU.Build.0 = Release|Any CPU
	EndGlobalSection
	GlobalSection(SolutionProperties) = preSolution
		HideSolutionNode = FALSE
	EndGlobalSection
	GlobalSection(ExtensibilityGlobals) = postSolution
		SolutionGuid = {9DA40AB7-040E-4BFD-8838-D0BC6E63B00D}
	EndGlobalSection
EndGlobal
